# GENERATED FILE - DO NOT EDIT DIRECTLY
schema_version: 1

bundle:
  version: "0.9.4-dev"
  release_sequence: 0
  channel: "development"
  source_tree_digest: "sha256:5e1fbc2f4a7112dd3d7c1456063645cca739932860181f21cca937a0b21c37fb"
  digest: "sha256:ddbfc96d8fd862ae7c07910962edfe1da33ca89b0e48d752ce30b9382ffe6c6d"

projection:
  input_digest: "sha256:36aa35581deb2c7c0931e67079356f802eba04fef968f8276dea0e5bd3591693"
  output_digest: "sha256:ff44a94580e29eac94cbe79a7558d457ce949b204ff38beca9538dc49c2cd8cb"
  files:
    - path: ".gds/compiled-policy.json"
      digest: "sha256:d8d4ac5177ded7e9f6bde3590fb0bc45456c8532011d2720354b27e51b22cc53"
